
Microsoft Visual Studio Solution File, Format Version 12.00
# Visual Studio 15
VisualStudioVersion = 15.0.28307.421
MinimumVisualStudioVersion = 10.0.40219.1
Project("{FAE04EC0-301F-11D3-BF4B-00C04F79EFBC}") = "Сlasswork_On_Serializable", "Сlasswork\Сlasswork_On_Serializable.csproj", "{A8B88645-95A4-48BC-8EE3-93667F634661}"
EndProject
Global
	GlobalSection(SolutionConfigurationPlatforms) = preSolution
		Debug|Any CPU = Debug|Any CPU
		Release|Any CPU = Release|Any CPU
	EndGlobalSection
	GlobalSection(ProjectConfigurationPlatforms) = postSolution
		{A8B88645-95A4-48BC-8EE3-93667F634661}.Debug|Any CPU.ActiveCfg = Debug|Any CPU
		{A8B88645-95A4-48BC-8EE3-93667F634661}.Debug|Any CPU.Build.0 = Debug|Any CPU
		{A8B88645-95A4-48BC-8EE3-93667F634661}.Release|Any CPU.ActiveCfg = Release|Any CPU
		{A8B88645-95A4-48BC-8EE3-93667F634661}.Release|Any CPU.Build.0 = Release|Any CPU
	EndGlobalSection
	GlobalSection(SolutionProperties) = preSolution
		HideSolutionNode = FALSE
	EndGlobalSection
	GlobalSection(ExtensibilityGlobals) = postSolution
		SolutionGuid = {8FAF685E-1ED0-41E8-BFA4-0D7387CCF89B}
	EndGlobalSection
EndGlobal
